
Microsoft Visual Studio Solution File, Format Version 12.00
# Visual Studio Version 17
VisualStudioVersion = 17.6.33723.286
MinimumVisualStudioVersion = 10.0.40219.1
Project("{FAE04EC0-301F-11D3-BF4B-00C04F79EFBC}") = "uTgAuto.Services", "uTgAuto.Services\uTgAuto.Services.csproj", "{2678FF1F-A541-4673-AFAD-63E63F86EDAB}"
EndProject
Project("{FAE04EC0-301F-11D3-BF4B-00C04F79EFBC}") = "uTgAuto.Console", "uTgAuto.Console\uTgAuto.Console.csproj", "{750E7A0B-AC17-4320-BB66-8BBA3A5639B5}"
EndProject
Global
	GlobalSection(SolutionConfigurationPlatforms) = preSolution
		Debug|Any CPU = Debug|Any CPU
		Release|Any CPU = Release|Any CPU
	EndGlobalSection
	GlobalSection(ProjectConfigurationPlatforms) = postSolution
		{2678FF1F-A541-4673-AFAD-63E63F86EDAB}.Debug|Any CPU.ActiveCfg = Debug|Any CPU
		{2678FF1F-A541-4673-AFAD-63E63F86EDAB}.Debug|Any CPU.Build.0 = Debug|Any CPU
		{2678FF1F-A541-4673-AFAD-63E63F86EDAB}.Release|Any CPU.ActiveCfg = Release|Any CPU
		{2678FF1F-A541-4673-AFAD-63E63F86EDAB}.Release|Any CPU.Build.0 = Release|Any CPU
		{750E7A0B-AC17-4320-BB66-8BBA3A5639B5}.Debug|Any CPU.ActiveCfg = Debug|Any CPU
		{750E7A0B-AC17-4320-BB66-8BBA3A5639B5}.Debug|Any CPU.Build.0 = Debug|Any CPU
		{750E7A0B-AC17-4320-BB66-8BBA3A5639B5}.Release|Any CPU.ActiveCfg = Release|Any CPU
		{750E7A0B-AC17-4320-BB66-8BBA3A5639B5}.Release|Any CPU.Build.0 = Release|Any CPU
	EndGlobalSection
	GlobalSection(SolutionProperties) = preSolution
		HideSolutionNode = FALSE
	EndGlobalSection
	GlobalSection(ExtensibilityGlobals) = postSolution
		SolutionGuid = {86D8A8E2-4A6D-444C-817C-09265D9E58C2}
	EndGlobalSection
EndGlobal
